// !$*UTF8*$!
{
	archiveVersion = 1;
	classes = {
	};
	objectVersion = 42;
	objects = {

/* Begin PBXFileReference section */
		650143780AED89750074CA65 /* mod_ndb_ap20.cc */ = {isa = PBXFileReference; fileEncoding = 30; lastKnownFileType = sourcecode.cpp.cpp; path = mod_ndb_ap20.cc; sourceTree = "<group>"; };
		650143DC0AED95E80074CA65 /* mod_ndb_compat.h */ = {isa = PBXFileReference; fileEncoding = 30; lastKnownFileType = sourcecode.c.h; path = mod_ndb_compat.h; sourceTree = "<group>"; };
		650383CF0B911A4C00097A98 /* result_buffer.h */ = {isa = PBXFileReference; fileEncoding = 4; lastKnownFileType = sourcecode.c.h; path = result_buffer.h; sourceTree = "<group>"; };
		6503B3FC0C9DB4DC00490CCC /* connection.sql */ = {isa = PBXFileReference; fileEncoding = 30; lastKnownFileType = text; name = connection.sql; path = Tests/SQL/connection.sql; sourceTree = "<group>"; };
		6503B3FD0C9DB4E400490CCC /* typ.sql */ = {isa = PBXFileReference; fileEncoding = 30; lastKnownFileType = text; name = typ.sql; path = Tests/SQL/typ.sql; sourceTree = "<group>"; };
		6503B4020C9DB91600490CCC /* typ8.sql */ = {isa = PBXFileReference; fileEncoding = 30; lastKnownFileType = text; name = typ8.sql; path = Tests/SQL/typ8.sql; sourceTree = "<group>"; };
		6503B7940C9F58CC00490CCC /* lib.test.sh */ = {isa = PBXFileReference; fileEncoding = 30; lastKnownFileType = text.script.sh; name = lib.test.sh; path = Tests/lib.test.sh; sourceTree = "<group>"; };
		6503B8BE0CA08C9A00490CCC /* col.sql */ = {isa = PBXFileReference; fileEncoding = 30; lastKnownFileType = text; name = col.sql; path = Tests/SQL/col.sql; sourceTree = "<group>"; };
		6513067E0B8299CC00A70BDA /* Execute.cc */ = {isa = PBXFileReference; fileEncoding = 4; lastKnownFileType = sourcecode.cpp.cpp; path = Execute.cc; sourceTree = "<group>"; };
		6514301B0AED7E3F005A3A3C /* mod_ndb_ap13.cc */ = {isa = PBXFileReference; fileEncoding = 30; lastKnownFileType = sourcecode.cpp.cpp; path = mod_ndb_ap13.cc; sourceTree = "<group>"; };
		651A68C20C824B6500EE077F /* test.list */ = {isa = PBXFileReference; fileEncoding = 4; languageSpecificationIdentifier = default; lastKnownFileType = text; name = test.list; path = Tests/test.list; sourceTree = "<group>"; };
		651A68DF0C824E3500EE077F /* runner.awk */ = {isa = PBXFileReference; fileEncoding = 30; languageSpecificationIdentifier = shell.perl; lastKnownFileType = text; name = runner.awk; path = Tests/runner.awk; sourceTree = "<group>"; };
		651A69790C826F8D00EE077F /* run-test */ = {isa = PBXFileReference; fileEncoding = 30; lastKnownFileType = text.script.sh; name = "run-test"; path = "Tests/run-test"; sourceTree = "<group>"; };
		651D4C760BC02D69007E9007 /* format_compiler.cc */ = {isa = PBXFileReference; fileEncoding = 30; lastKnownFileType = sourcecode.cpp.cpp; path = format_compiler.cc; sourceTree = "<group>"; };
		6528657E0A9B98FE000B9E9A /* mod_ndb_config.h */ = {isa = PBXFileReference; fileEncoding = 4; lastKnownFileType = sourcecode.c.h; path = mod_ndb_config.h; sourceTree = "<group>"; };
		65364C080AB25F5200C355E4 /* handlers.cc */ = {isa = PBXFileReference; fileEncoding = 4; lastKnownFileType = sourcecode.cpp.cpp; path = handlers.cc; sourceTree = "<group>"; };
		65364EE40AB7899C00C355E4 /* result_buffer.cc */ = {isa = PBXFileReference; fileEncoding = 30; lastKnownFileType = sourcecode.cpp.cpp; path = result_buffer.cc; sourceTree = "<group>"; };
		654691B00CAE345500CEF3C7 /* query_source.h */ = {isa = PBXFileReference; fileEncoding = 4; lastKnownFileType = sourcecode.c.h; path = query_source.h; sourceTree = "<group>"; };
		654693670CAEE5F200CEF3C7 /* query_source.cc */ = {isa = PBXFileReference; fileEncoding = 30; lastKnownFileType = sourcecode.cpp.cpp; path = query_source.cc; sourceTree = "<group>"; };
		654FD39D0AC5B0A6000283CB /* index_object.h */ = {isa = PBXFileReference; fileEncoding = 30; lastKnownFileType = sourcecode.c.h; path = index_object.h; sourceTree = "<group>"; };
		655116C20BC1CAF30009C9E1 /* format_compiler.h */ = {isa = PBXFileReference; fileEncoding = 30; lastKnownFileType = sourcecode.c.h; path = format_compiler.h; sourceTree = "<group>"; };
		655A3FF20AC35A0300FC573F /* README */ = {isa = PBXFileReference; fileEncoding = 4; lastKnownFileType = text; path = README; sourceTree = "<group>"; };
		655CEC1F0A8C4C1C00DB8284 /* MySQL_value.cc */ = {isa = PBXFileReference; fileEncoding = 30; lastKnownFileType = sourcecode.cpp.cpp; path = MySQL_value.cc; sourceTree = "<group>"; };
		655CEC210A8C4C4C00DB8284 /* Query.cc */ = {isa = PBXFileReference; fileEncoding = 30; lastKnownFileType = sourcecode.cpp.cpp; path = Query.cc; sourceTree = "<group>"; };
		655CEC220A8C4C6100DB8284 /* MySQL_value.h */ = {isa = PBXFileReference; fileEncoding = 30; lastKnownFileType = sourcecode.c.h; path = MySQL_value.h; sourceTree = "<group>"; };
		655CEC230A8C4C6B00DB8284 /* mod_ndb.h */ = {isa = PBXFileReference; fileEncoding = 30; lastKnownFileType = sourcecode.c.h; path = mod_ndb.h; sourceTree = "<group>"; };
		655CEC240A8C4C9500DB8284 /* configure */ = {isa = PBXFileReference; fileEncoding = 30; languageSpecificationIdentifier = shell.sh; lastKnownFileType = text.script.sh; path = configure; sourceTree = "<group>"; };
		655CEC250A8C4CA400DB8284 /* make_file_tail */ = {isa = PBXFileReference; explicitFileType = sourcecode.make; fileEncoding = 30; languageSpecificationIdentifier = make; path = make_file_tail; sourceTree = "<group>"; };
		656167AB0A8F78CB00A664A0 /* config.cc */ = {isa = PBXFileReference; fileEncoding = 4; lastKnownFileType = sourcecode.cpp.cpp; path = config.cc; sourceTree = "<group>"; };
		6566D0530BA1266C00B7AD9B /* ndb_api_compat.h */ = {isa = PBXFileReference; fileEncoding = 30; lastKnownFileType = sourcecode.c.h; path = ndb_api_compat.h; sourceTree = "<group>"; };
		656D04160C89302E00A430C6 /* ses.sql */ = {isa = PBXFileReference; fileEncoding = 30; lastKnownFileType = text; name = ses.sql; path = Tests/SQL/ses.sql; sourceTree = "<group>"; };
		657BD1C60B84EFD100A9ED69 /* httpd.conf */ = {isa = PBXFileReference; fileEncoding = 30; lastKnownFileType = text; name = httpd.conf; path = Tests/httpd.conf; sourceTree = "<group>"; };
		657BD2930B853B9200A9ED69 /* sort_merge.php */ = {isa = PBXFileReference; fileEncoding = 30; lastKnownFileType = text.script.php; name = sort_merge.php; path = "example-scripts/sort_merge.php"; sourceTree = "<group>"; };
		657BD2940B853B9200A9ED69 /* test_note.php */ = {isa = PBXFileReference; fileEncoding = 30; lastKnownFileType = text.script.php; name = test_note.php; path = "example-scripts/test_note.php"; sourceTree = "<group>"; };
		65AA7E800BC5841100A5D0A4 /* format_dumper.cc */ = {isa = PBXFileReference; fileEncoding = 30; lastKnownFileType = sourcecode.cpp.cpp; path = format_dumper.cc; sourceTree = "<group>"; };
		65AB5C180CD81AF700DAEACB /* config.awk */ = {isa = PBXFileReference; fileEncoding = 30; lastKnownFileType = text; name = config.awk; path = Tests/config.awk; sourceTree = "<group>"; };
		65AB5C190CD98C0D00DAEACB /* record.awk */ = {isa = PBXFileReference; fileEncoding = 30; lastKnownFileType = text; name = record.awk; path = Tests/record.awk; sourceTree = "<group>"; };
		65AB5C470CDA5C3000DAEACB /* erase.sh */ = {isa = PBXFileReference; fileEncoding = 30; lastKnownFileType = text.script.sh; name = erase.sh; path = Tests/erase.sh; sourceTree = "<group>"; };
		65ADCC4A0BB0FF0A00AEE680 /* output_format.h */ = {isa = PBXFileReference; fileEncoding = 30; lastKnownFileType = sourcecode.c.h; path = output_format.h; sourceTree = "<group>"; };
		65B619D60B8C2E5100F61C8E /* test.conf.dist */ = {isa = PBXFileReference; fileEncoding = 30; lastKnownFileType = text; path = test.conf.dist; sourceTree = "<group>"; };
		65C8FF5E0BB2047A0040028D /* output_format.cc */ = {isa = PBXFileReference; fileEncoding = 30; lastKnownFileType = sourcecode.cpp.cpp; path = output_format.cc; sourceTree = "<group>"; };
		65D86D390FDEC3430097814E /* test_encoding.c */ = {isa = PBXFileReference; explicitFileType = sourcecode.c.c; fileEncoding = 4; name = test_encoding.c; path = JSON/test_encoding.c; sourceTree = "<group>"; };
		65D86E7C0FE2D6590097814E /* trace.d */ = {isa = PBXFileReference; fileEncoding = 4; lastKnownFileType = sourcecode.dtrace; path = trace.d; sourceTree = "<group>"; };
		65D870830FE5BD3B0097814E /* MySQL_result.h */ = {isa = PBXFileReference; fileEncoding = 4; lastKnownFileType = sourcecode.c.h; path = MySQL_result.h; sourceTree = "<group>"; };
		65D870840FE5BD3B0097814E /* MySQL_result.cc */ = {isa = PBXFileReference; fileEncoding = 4; lastKnownFileType = sourcecode.cpp.cpp; path = MySQL_result.cc; sourceTree = "<group>"; };
		65D8B45B0CBD82A000BD24E7 /* NSQL.atg */ = {isa = PBXFileReference; fileEncoding = 4; lastKnownFileType = text; name = NSQL.atg; path = "N-SQL/NSQL.atg"; sourceTree = "<group>"; };
		65D8B45C0CBD82A000BD24E7 /* Parser.cpp */ = {isa = PBXFileReference; fileEncoding = 4; lastKnownFileType = sourcecode.cpp.cpp; name = Parser.cpp; path = "N-SQL/Parser.cpp"; sourceTree = "<group>"; };
		65D8B45D0CBD82A000BD24E7 /* Parser.frame */ = {isa = PBXFileReference; explicitFileType = sourcecode.cpp; fileEncoding = 4; languageSpecificationIdentifier = c.cpp; name = Parser.frame; path = "N-SQL/Parser.frame"; sourceTree = "<group>"; };
		65D8B45E0CBD82A000BD24E7 /* Parser.h */ = {isa = PBXFileReference; fileEncoding = 4; lastKnownFileType = sourcecode.c.h; name = Parser.h; path = "N-SQL/Parser.h"; sourceTree = "<group>"; };
		65D8B45F0CBD82A000BD24E7 /* Scanner.cpp */ = {isa = PBXFileReference; fileEncoding = 4; lastKnownFileType = sourcecode.cpp.cpp; name = Scanner.cpp; path = "N-SQL/Scanner.cpp"; sourceTree = "<group>"; };
		65D8B4600CBD82A000BD24E7 /* Scanner.frame */ = {isa = PBXFileReference; explicitFileType = sourcecode.cpp; fileEncoding = 4; languageSpecificationIdentifier = c.cpp; name = Scanner.frame; path = "N-SQL/Scanner.frame"; sourceTree = "<group>"; };
		65D8B4610CBD82A000BD24E7 /* Scanner.h */ = {isa = PBXFileReference; fileEncoding = 4; lastKnownFileType = sourcecode.c.h; name = Scanner.h; path = "N-SQL/Scanner.h"; sourceTree = "<group>"; };
		65D8B4820CBD849500BD24E7 /* JSON.atg */ = {isa = PBXFileReference; fileEncoding = 4; lastKnownFileType = text; name = JSON.atg; path = JSON/JSON.atg; sourceTree = "<group>"; };
		65D8B4830CBD849500BD24E7 /* Parser.cpp */ = {isa = PBXFileReference; fileEncoding = 4; lastKnownFileType = sourcecode.cpp.cpp; name = Parser.cpp; path = JSON/Parser.cpp; sourceTree = "<group>"; };
		65D8B4840CBD849500BD24E7 /* Parser.frame */ = {isa = PBXFileReference; explicitFileType = sourcecode.cpp; fileEncoding = 4; languageSpecificationIdentifier = c.cpp; name = Parser.frame; path = JSON/Parser.frame; sourceTree = "<group>"; };
		65D8B4850CBD849500BD24E7 /* Parser.h */ = {isa = PBXFileReference; fileEncoding = 4; lastKnownFileType = sourcecode.c.h; name = Parser.h; path = JSON/Parser.h; sourceTree = "<group>"; };
		65D8B4860CBD849500BD24E7 /* Scanner.cpp */ = {isa = PBXFileReference; fileEncoding = 4; lastKnownFileType = sourcecode.cpp.cpp; name = Scanner.cpp; path = JSON/Scanner.cpp; sourceTree = "<group>"; };
		65D8B4870CBD849500BD24E7 /* Scanner.frame */ = {isa = PBXFileReference; explicitFileType = sourcecode.cpp; fileEncoding = 4; languageSpecificationIdentifier = c.cpp; name = Scanner.frame; path = JSON/Scanner.frame; sourceTree = "<group>"; };
		65D8B4880CBD849500BD24E7 /* Scanner.h */ = {isa = PBXFileReference; fileEncoding = 4; lastKnownFileType = sourcecode.c.h; name = Scanner.h; path = JSON/Scanner.h; sourceTree = "<group>"; };
		65D8B4E30CBD8AFC00BD24E7 /* request_body.cc */ = {isa = PBXFileReference; fileEncoding = 4; lastKnownFileType = sourcecode.cpp.cpp; path = request_body.cc; sourceTree = "<group>"; };
		65D8B63C0CBF328400BD24E7 /* JSON_encoding.cc */ = {isa = PBXFileReference; fileEncoding = 4; lastKnownFileType = sourcecode.cpp.cpp; path = JSON_encoding.cc; sourceTree = "<group>"; };
		65E2E83F0BA218B600B1B8D0 /* conf_ap13 */ = {isa = PBXFileReference; fileEncoding = 30; lastKnownFileType = text; name = conf_ap13; path = templates/conf_ap13; sourceTree = "<group>"; };
		65E2E8400BA218B600B1B8D0 /* conf_ap20 */ = {isa = PBXFileReference; fileEncoding = 30; lastKnownFileType = text; name = conf_ap20; path = templates/conf_ap20; sourceTree = "<group>"; };
		65E2E8410BA218B600B1B8D0 /* conf_ap22 */ = {isa = PBXFileReference; fileEncoding = 30; lastKnownFileType = text; name = conf_ap22; path = templates/conf_ap22; sourceTree = "<group>"; };
		65E2E8420BA218B600B1B8D0 /* modules_ap20 */ = {isa = PBXFileReference; fileEncoding = 30; lastKnownFileType = text; name = modules_ap20; path = templates/modules_ap20; sourceTree = "<group>"; };
		65E2E8430BA218B600B1B8D0 /* modules_ap22 */ = {isa = PBXFileReference; fileEncoding = 30; lastKnownFileType = text; name = modules_ap22; path = templates/modules_ap22; sourceTree = "<group>"; };
		65E2E85F0BA2252E00B1B8D0 /* modules_ap13 */ = {isa = PBXFileReference; fileEncoding = 30; lastKnownFileType = text; name = modules_ap13; path = templates/modules_ap13; sourceTree = "<group>"; };
		65EECC4F0B07D7B0000AB3AD /* defaults.h */ = {isa = PBXFileReference; fileEncoding = 30; lastKnownFileType = sourcecode.c.h; path = defaults.h; sourceTree = "<group>"; };
		65EFD0180CD421CE0079CEEB /* cmp_swap.c */ = {isa = PBXFileReference; fileEncoding = 4; lastKnownFileType = sourcecode.c.c; path = cmp_swap.c; sourceTree = "<group>"; };
		65EFD0F20CE3E46E0079CEEB /* bench.sql */ = {isa = PBXFileReference; fileEncoding = 4; lastKnownFileType = text; name = bench.sql; path = Tests/SQL/bench.sql; sourceTree = "<group>"; };
/* End PBXFileReference section */

/* Begin PBXGroup section */
		08FB7794FE84155DC02AAC07 /* mod_ndb */ = {
			isa = PBXGroup;
			children = (
				655A3FF20AC35A0300FC573F /* README */,
				655CEC240A8C4C9500DB8284 /* configure */,
				655CEC250A8C4CA400DB8284 /* make_file_tail */,
				65D86E7C0FE2D6590097814E /* trace.d */,
				65EECC4F0B07D7B0000AB3AD /* defaults.h */,
				655CEC230A8C4C6B00DB8284 /* mod_ndb.h */,
				650143DC0AED95E80074CA65 /* mod_ndb_compat.h */,
				6566D0530BA1266C00B7AD9B /* ndb_api_compat.h */,
				65EFD0180CD421CE0079CEEB /* cmp_swap.c */,
				650383CF0B911A4C00097A98 /* result_buffer.h */,
				65364EE40AB7899C00C355E4 /* result_buffer.cc */,
				654FD39D0AC5B0A6000283CB /* index_object.h */,
				65ADCC4A0BB0FF0A00AEE680 /* output_format.h */,
				65C8FF5E0BB2047A0040028D /* output_format.cc */,
				655116C20BC1CAF30009C9E1 /* format_compiler.h */,
				651D4C760BC02D69007E9007 /* format_compiler.cc */,
				65AA7E800BC5841100A5D0A4 /* format_dumper.cc */,
				654691B00CAE345500CEF3C7 /* query_source.h */,
				654693670CAEE5F200CEF3C7 /* query_source.cc */,
				6528657E0A9B98FE000B9E9A /* mod_ndb_config.h */,
				656167AB0A8F78CB00A664A0 /* config.cc */,
				65364C080AB25F5200C355E4 /* handlers.cc */,
				6514301B0AED7E3F005A3A3C /* mod_ndb_ap13.cc */,
				650143780AED89750074CA65 /* mod_ndb_ap20.cc */,
				655CEC220A8C4C6100DB8284 /* MySQL_value.h */,
				655CEC1F0A8C4C1C00DB8284 /* MySQL_value.cc */,
				65D870830FE5BD3B0097814E /* MySQL_result.h */,
				65D870840FE5BD3B0097814E /* MySQL_result.cc */,
				65D8B4E30CBD8AFC00BD24E7 /* request_body.cc */,
				655CEC210A8C4C4C00DB8284 /* Query.cc */,
				6513067E0B8299CC00A70BDA /* Execute.cc */,
				65D8B63C0CBF328400BD24E7 /* JSON_encoding.cc */,
				65D8B47D0CBD847300BD24E7 /* JSON */,
				65383BF30C72B69B001F8451 /* N-SQL */,
				65B619D60B8C2E5100F61C8E /* test.conf.dist */,
				65E2E83C0BA2186700B1B8D0 /* templates */,
				657BD1C30B84EE8600A9ED69 /* Tests */,
				657BD2920B853B7000A9ED69 /* PHP */,
			);
			name = mod_ndb;
			sourceTree = "<group>";
		};
		65383BF30C72B69B001F8451 /* N-SQL */ = {
			isa = PBXGroup;
			children = (
				65D8B45B0CBD82A000BD24E7 /* NSQL.atg */,
				65D8B45D0CBD82A000BD24E7 /* Parser.frame */,
				65D8B4600CBD82A000BD24E7 /* Scanner.frame */,
				65D8B45E0CBD82A000BD24E7 /* Parser.h */,
				65D8B45C0CBD82A000BD24E7 /* Parser.cpp */,
				65D8B4610CBD82A000BD24E7 /* Scanner.h */,
				65D8B45F0CBD82A000BD24E7 /* Scanner.cpp */,
			);
			name = "N-SQL";
			sourceTree = "<group>";
		};
		656D03EA0C89301300A430C6 /* SQL */ = {
			isa = PBXGroup;
			children = (
				6503B3FC0C9DB4DC00490CCC /* connection.sql */,
				6503B3FD0C9DB4E400490CCC /* typ.sql */,
				6503B4020C9DB91600490CCC /* typ8.sql */,
				656D04160C89302E00A430C6 /* ses.sql */,
				6503B8BE0CA08C9A00490CCC /* col.sql */,
				65EFD0F20CE3E46E0079CEEB /* bench.sql */,
			);
			name = SQL;
			sourceTree = "<group>";
		};
		657BD1C30B84EE8600A9ED69 /* Tests */ = {
			isa = PBXGroup;
			children = (
				651A69790C826F8D00EE077F /* run-test */,
				6503B7940C9F58CC00490CCC /* lib.test.sh */,
				651A68C20C824B6500EE077F /* test.list */,
				657BD1C60B84EFD100A9ED69 /* httpd.conf */,
				651A68DF0C824E3500EE077F /* runner.awk */,
				65AB5C180CD81AF700DAEACB /* config.awk */,
				65AB5C190CD98C0D00DAEACB /* record.awk */,
				65AB5C470CDA5C3000DAEACB /* erase.sh */,
				656D03EA0C89301300A430C6 /* SQL */,
			);
			name = Tests;
			sourceTree = "<group>";
		};
		657BD2920B853B7000A9ED69 /* PHP */ = {
			isa = PBXGroup;
			children = (
				657BD2930B853B9200A9ED69 /* sort_merge.php */,
				657BD2940B853B9200A9ED69 /* test_note.php */,
			);
			name = PHP;
			sourceTree = "<group>";
		};
		65D8B47D0CBD847300BD24E7 /* JSON */ = {
			isa = PBXGroup;
			children = (
				65D8B4820CBD849500BD24E7 /* JSON.atg */,
				65D8B4870CBD849500BD24E7 /* Scanner.frame */,
				65D8B4840CBD849500BD24E7 /* Parser.frame */,
				65D86D390FDEC3430097814E /* test_encoding.c */,
				65D8B4850CBD849500BD24E7 /* Parser.h */,
				65D8B4830CBD849500BD24E7 /* Parser.cpp */,
				65D8B4880CBD849500BD24E7 /* Scanner.h */,
				65D8B4860CBD849500BD24E7 /* Scanner.cpp */,
			);
			name = JSON;
			sourceTree = "<group>";
		};
		65E2E83C0BA2186700B1B8D0 /* templates */ = {
			isa = PBXGroup;
			children = (
				65E2E83F0BA218B600B1B8D0 /* conf_ap13 */,
				65E2E8400BA218B600B1B8D0 /* conf_ap20 */,
				65E2E8410BA218B600B1B8D0 /* conf_ap22 */,
				65E2E85F0BA2252E00B1B8D0 /* modules_ap13 */,
				65E2E8420BA218B600B1B8D0 /* modules_ap20 */,
				65E2E8430BA218B600B1B8D0 /* modules_ap22 */,
			);
			name = templates;
			sourceTree = "<group>";
		};
/* End PBXGroup section */

/* Begin PBXLegacyTarget section */
		D28A88AD04BDD90700651E21 /* mod_ndb */ = {
			isa = PBXLegacyTarget;
			buildArgumentsString = "$(ACTION)";
			buildConfigurationList = 6583581D0A8CE1C40023B465 /* Build configuration list for PBXLegacyTarget "mod_ndb" */;
			buildPhases = (
			);
			buildToolPath = /usr/bin/make;
			dependencies = (
			);
			name = mod_ndb;
			passBuildSettingsInEnvironment = 1;
			productName = mod_ndb;
		};
/* End PBXLegacyTarget section */

/* Begin PBXProject section */
		08FB7793FE84155DC02AAC07 /* Project object */ = {
			isa = PBXProject;
			buildConfigurationList = 658358210A8CE1C40023B465 /* Build configuration list for PBXProject "mod_ndb" */;
			compatibilityVersion = "Xcode 2.4";
			hasScannedForEncodings = 1;
			mainGroup = 08FB7794FE84155DC02AAC07 /* mod_ndb */;
			projectDirPath = "";
			projectRoot = "";
			targets = (
				D28A88AD04BDD90700651E21 /* mod_ndb */,
			);
		};
/* End PBXProject section */

/* Begin XCBuildConfiguration section */
		6583581E0A8CE1C40023B465 /* Development */ = {
			isa = XCBuildConfiguration;
			buildSettings = {
				COPY_PHASE_STRIP = NO;
				DEBUGGING_SYMBOLS = YES;
				GCC_DYNAMIC_NO_PIC = NO;
				GCC_ENABLE_FIX_AND_CONTINUE = YES;
				GCC_GENERATE_DEBUGGING_SYMBOLS = YES;
				GCC_OPTIMIZATION_LEVEL = 0;
				OTHER_CFLAGS = "";
				OTHER_LDFLAGS = "";
				PRODUCT_NAME = mod_ndb;
				ZERO_LINK = YES;
			};
			name = Development;
		};
		6583581F0A8CE1C40023B465 /* Deployment */ = {
			isa = XCBuildConfiguration;
			buildSettings = {
				COPY_PHASE_STRIP = YES;
				GCC_ENABLE_FIX_AND_CONTINUE = NO;
				OTHER_CFLAGS = "";
				OTHER_LDFLAGS = "";
				PRODUCT_NAME = mod_ndb;
				ZERO_LINK = NO;
			};
			name = Deployment;
		};
		658358200A8CE1C40023B465 /* Default */ = {
			isa = XCBuildConfiguration;
			buildSettings = {
				OTHER_CFLAGS = "";
				OTHER_LDFLAGS = "";
				PRODUCT_NAME = mod_ndb;
			};
			name = Default;
		};
		658358220A8CE1C40023B465 /* Development */ = {
			isa = XCBuildConfiguration;
			buildSettings = {
			};
			name = Development;
		};
		658358230A8CE1C40023B465 /* Deployment */ = {
			isa = XCBuildConfiguration;
			buildSettings = {
			};
			name = Deployment;
		};
		658358240A8CE1C40023B465 /* Default */ = {
			isa = XCBuildConfiguration;
			buildSettings = {
			};
			name = Default;
		};
/* End XCBuildConfiguration section */

/* Begin XCConfigurationList section */
		6583581D0A8CE1C40023B465 /* Build configuration list for PBXLegacyTarget "mod_ndb" */ = {
			isa = XCConfigurationList;
			buildConfigurations = (
				6583581E0A8CE1C40023B465 /* Development */,
				6583581F0A8CE1C40023B465 /* Deployment */,
				658358200A8CE1C40023B465 /* Default */,
			);
			defaultConfigurationIsVisible = 0;
			defaultConfigurationName = Default;
		};
		658358210A8CE1C40023B465 /* Build configuration list for PBXProject "mod_ndb" */ = {
			isa = XCConfigurationList;
			buildConfigurations = (
				658358220A8CE1C40023B465 /* Development */,
				658358230A8CE1C40023B465 /* Deployment */,
				658358240A8CE1C40023B465 /* Default */,
			);
			defaultConfigurationIsVisible = 0;
			defaultConfigurationName = Default;
		};
/* End XCConfigurationList section */
	};
	rootObject = 08FB7793FE84155DC02AAC07 /* Project object */;
}
