// !$*UTF8*$!
{
	archiveVersion = 1;
	classes = {
	};
	objectVersion = 42;
	objects = {

/* Begin PBXFileReference section */
		650143780AED89750074CA65 /* mod_ndb_ap20.cc */ = {isa = PBXFileReference; fileEncoding = 30; lastKnownFileType = sourcecode.cpp.cpp; path = mod_ndb_ap20.cc; sourceTree = "<group>"; };
		650143DC0AED95E80074CA65 /* mod_ndb_compat.h */ = {isa = PBXFileReference; fileEncoding = 30; lastKnownFileType = sourcecode.c.h; path = mod_ndb_compat.h; sourceTree = "<group>"; };
		650383CF0B911A4C00097A98 /* result_buffer.h */ = {isa = PBXFileReference; fileEncoding = 4; lastKnownFileType = sourcecode.c.h; path = result_buffer.h; sourceTree = "<group>"; };
		6503B3FC0C9DB4DC00490CCC /* connection.sql */ = {isa = PBXFileReference; fileEncoding = 30; lastKnownFileType = text; name = connection.sql; path = Tests/SQL/connection.sql; sourceTree = "<group>"; };
		6503B3FD0C9DB4E400490CCC /* typ.sql */ = {isa = PBXFileReference; fileEncoding = 30; lastKnownFileType = text; name = typ.sql; path = Tests/SQL/typ.sql; sourceTree = "<group>"; };
		6503B4020C9DB91600490CCC /* typ8.sql */ = {isa = PBXFileReference; fileEncoding = 30; lastKnownFileType = text; name = typ8.sql; path = Tests/SQL/typ8.sql; sourceTree = "<group>"; };
		6503B7940C9F58CC00490CCC /* lib.test.sh */ = {isa = PBXFileReference; fileEncoding = 30; lastKnownFileType = text.script.sh; name = lib.test.sh; path = Tests/lib.test.sh; sourceTree = "<group>"; };
		6503B8BE0CA08C9A00490CCC /* col.sql */ = {isa = PBXFileReference; fileEncoding = 30; lastKnownFileType = text; name = col.sql; path = Tests/SQL/col.sql; sourceTree = "<group>"; };
		6513067E0B8299CC00A70BDA /* Execute.cc */ = {isa = PBXFileReference; fileEncoding = 4; lastKnownFileType = sourcecode.cpp.cpp; path = Execute.cc; sourceTree = "<group>"; };
		6514301B0AED7E3F005A3A3C /* mod_ndb_ap13.cc */ = {isa = PBXFileReference; fileEncoding = 30; lastKnownFileType = sourcecode.cpp.cpp; path = mod_ndb_ap13.cc; sourceTree = "<group>"; };
		651A1EF1103B4729008EA2A9 /* Makefile */ = {isa = PBXFileReference; fileEncoding = 4; lastKnownFileType = sourcecode.make; path = Makefile; sourceTree = "<group>"; };
		651A1EF2103B4729008EA2A9 /* NSQL.atg */ = {isa = PBXFileReference; fileEncoding = 4; lastKnownFileType = text; path = NSQL.atg; sourceTree = "<group>"; };
		651A1EF3103B4729008EA2A9 /* Parser.cpp */ = {isa = PBXFileReference; fileEncoding = 4; lastKnownFileType = sourcecode.cpp.cpp; path = Parser.cpp; sourceTree = "<group>"; };
		651A1EF4103B4729008EA2A9 /* Parser.frame */ = {isa = PBXFileReference; fileEncoding = 4; lastKnownFileType = text; path = Parser.frame; sourceTree = "<group>"; };
		651A1EF5103B4729008EA2A9 /* Parser.h */ = {isa = PBXFileReference; fileEncoding = 4; lastKnownFileType = sourcecode.c.h; path = Parser.h; sourceTree = "<group>"; };
		651A1EF6103B4729008EA2A9 /* Scanner.cpp */ = {isa = PBXFileReference; fileEncoding = 4; lastKnownFileType = sourcecode.cpp.cpp; path = Scanner.cpp; sourceTree = "<group>"; };
		651A1EF7103B4729008EA2A9 /* Scanner.frame */ = {isa = PBXFileReference; fileEncoding = 4; lastKnownFileType = text; path = Scanner.frame; sourceTree = "<group>"; };
		651A1EF8103B4729008EA2A9 /* Scanner.h */ = {isa = PBXFileReference; fileEncoding = 4; lastKnownFileType = sourcecode.c.h; path = Scanner.h; sourceTree = "<group>"; };
		651A1EF9103B4729008EA2A9 /* NSQL.cpp */ = {isa = PBXFileReference; fileEncoding = 4; lastKnownFileType = sourcecode.cpp.cpp; path = NSQL.cpp; sourceTree = "<group>"; };
		651A1EFB103B4729008EA2A9 /* ANDNode.cpp */ = {isa = PBXFileReference; fileEncoding = 4; lastKnownFileType = sourcecode.cpp.cpp; path = ANDNode.cpp; sourceTree = "<group>"; };
		651A1EFC103B4729008EA2A9 /* ANDNode.h */ = {isa = PBXFileReference; fileEncoding = 4; lastKnownFileType = sourcecode.c.h; path = ANDNode.h; sourceTree = "<group>"; };
		651A1EFD103B4729008EA2A9 /* BindNode.cpp */ = {isa = PBXFileReference; fileEncoding = 4; lastKnownFileType = sourcecode.cpp.cpp; path = BindNode.cpp; sourceTree = "<group>"; };
		651A1EFE103B4729008EA2A9 /* BindNode.h */ = {isa = PBXFileReference; fileEncoding = 4; lastKnownFileType = sourcecode.c.h; path = BindNode.h; sourceTree = "<group>"; };
		651A1EFF103B4729008EA2A9 /* DeleteNode.cpp */ = {isa = PBXFileReference; fileEncoding = 4; lastKnownFileType = sourcecode.cpp.cpp; path = DeleteNode.cpp; sourceTree = "<group>"; };
		651A1F00103B4729008EA2A9 /* DeleteNode.h */ = {isa = PBXFileReference; fileEncoding = 4; lastKnownFileType = sourcecode.c.h; path = DeleteNode.h; sourceTree = "<group>"; };
		651A1F01103B4729008EA2A9 /* Environment.cpp */ = {isa = PBXFileReference; fileEncoding = 4; lastKnownFileType = sourcecode.cpp.cpp; path = Environment.cpp; sourceTree = "<group>"; };
		651A1F02103B4729008EA2A9 /* Environment.h */ = {isa = PBXFileReference; fileEncoding = 4; lastKnownFileType = sourcecode.c.h; path = Environment.h; sourceTree = "<group>"; };
		651A1F03103B4729008EA2A9 /* EQNode.cpp */ = {isa = PBXFileReference; fileEncoding = 4; lastKnownFileType = sourcecode.cpp.cpp; path = EQNode.cpp; sourceTree = "<group>"; };
		651A1F04103B4729008EA2A9 /* EQNode.h */ = {isa = PBXFileReference; fileEncoding = 4; lastKnownFileType = sourcecode.c.h; path = EQNode.h; sourceTree = "<group>"; };
		651A1F05103B4729008EA2A9 /* FieldNode.cpp */ = {isa = PBXFileReference; fileEncoding = 4; lastKnownFileType = sourcecode.cpp.cpp; path = FieldNode.cpp; sourceTree = "<group>"; };
		651A1F06103B4729008EA2A9 /* FieldNode.h */ = {isa = PBXFileReference; fileEncoding = 4; lastKnownFileType = sourcecode.c.h; path = FieldNode.h; sourceTree = "<group>"; };
		651A1F07103B4729008EA2A9 /* FromNode.cpp */ = {isa = PBXFileReference; fileEncoding = 4; lastKnownFileType = sourcecode.cpp.cpp; path = FromNode.cpp; sourceTree = "<group>"; };
		651A1F08103B4729008EA2A9 /* FromNode.h */ = {isa = PBXFileReference; fileEncoding = 4; lastKnownFileType = sourcecode.c.h; path = FromNode.h; sourceTree = "<group>"; };
		651A1F09103B4729008EA2A9 /* GTENode.cpp */ = {isa = PBXFileReference; fileEncoding = 4; lastKnownFileType = sourcecode.cpp.cpp; path = GTENode.cpp; sourceTree = "<group>"; };
		651A1F0A103B4729008EA2A9 /* GTENode.h */ = {isa = PBXFileReference; fileEncoding = 4; lastKnownFileType = sourcecode.c.h; path = GTENode.h; sourceTree = "<group>"; };
		651A1F0B103B4729008EA2A9 /* GTNode.cpp */ = {isa = PBXFileReference; fileEncoding = 4; lastKnownFileType = sourcecode.cpp.cpp; path = GTNode.cpp; sourceTree = "<group>"; };
		651A1F0C103B4729008EA2A9 /* GTNode.h */ = {isa = PBXFileReference; fileEncoding = 4; lastKnownFileType = sourcecode.c.h; path = GTNode.h; sourceTree = "<group>"; };
		651A1F0D103B4729008EA2A9 /* LiteralNode.cpp */ = {isa = PBXFileReference; fileEncoding = 4; lastKnownFileType = sourcecode.cpp.cpp; path = LiteralNode.cpp; sourceTree = "<group>"; };
		651A1F0E103B4729008EA2A9 /* LiteralNode.h */ = {isa = PBXFileReference; fileEncoding = 4; lastKnownFileType = sourcecode.c.h; path = LiteralNode.h; sourceTree = "<group>"; };
		651A1F0F103B4729008EA2A9 /* LTENode.cpp */ = {isa = PBXFileReference; fileEncoding = 4; lastKnownFileType = sourcecode.cpp.cpp; path = LTENode.cpp; sourceTree = "<group>"; };
		651A1F10103B4729008EA2A9 /* LTENode.h */ = {isa = PBXFileReference; fileEncoding = 4; lastKnownFileType = sourcecode.c.h; path = LTENode.h; sourceTree = "<group>"; };
		651A1F11103B4729008EA2A9 /* LTNode.cpp */ = {isa = PBXFileReference; fileEncoding = 4; lastKnownFileType = sourcecode.cpp.cpp; path = LTNode.cpp; sourceTree = "<group>"; };
		651A1F12103B4729008EA2A9 /* LTNode.h */ = {isa = PBXFileReference; fileEncoding = 4; lastKnownFileType = sourcecode.c.h; path = LTNode.h; sourceTree = "<group>"; };
		651A1F13103B4729008EA2A9 /* NEQNode.cpp */ = {isa = PBXFileReference; fileEncoding = 4; lastKnownFileType = sourcecode.cpp.cpp; path = NEQNode.cpp; sourceTree = "<group>"; };
		651A1F14103B4729008EA2A9 /* NEQNode.h */ = {isa = PBXFileReference; fileEncoding = 4; lastKnownFileType = sourcecode.c.h; path = NEQNode.h; sourceTree = "<group>"; };
		651A1F15103B4729008EA2A9 /* Node.cpp */ = {isa = PBXFileReference; fileEncoding = 4; lastKnownFileType = sourcecode.cpp.cpp; path = Node.cpp; sourceTree = "<group>"; };
		651A1F16103B4729008EA2A9 /* Node.h */ = {isa = PBXFileReference; fileEncoding = 4; lastKnownFileType = sourcecode.c.h; path = Node.h; sourceTree = "<group>"; };
		651A1F17103B4729008EA2A9 /* NSQLState.cpp */ = {isa = PBXFileReference; fileEncoding = 4; lastKnownFileType = sourcecode.cpp.cpp; path = NSQLState.cpp; sourceTree = "<group>"; };
		651A1F18103B4729008EA2A9 /* NSQLState.h */ = {isa = PBXFileReference; fileEncoding = 4; lastKnownFileType = sourcecode.c.h; path = NSQLState.h; sourceTree = "<group>"; };
		651A1F19103B4729008EA2A9 /* OrderNode.cpp */ = {isa = PBXFileReference; fileEncoding = 4; lastKnownFileType = sourcecode.cpp.cpp; path = OrderNode.cpp; sourceTree = "<group>"; };
		651A1F1A103B4729008EA2A9 /* OrderNode.h */ = {isa = PBXFileReference; fileEncoding = 4; lastKnownFileType = sourcecode.c.h; path = OrderNode.h; sourceTree = "<group>"; };
		651A1F1B103B4729008EA2A9 /* ORNode.cpp */ = {isa = PBXFileReference; fileEncoding = 4; lastKnownFileType = sourcecode.cpp.cpp; path = ORNode.cpp; sourceTree = "<group>"; };
		651A1F1C103B4729008EA2A9 /* ORNode.h */ = {isa = PBXFileReference; fileEncoding = 4; lastKnownFileType = sourcecode.c.h; path = ORNode.h; sourceTree = "<group>"; };
		651A1F1D103B4729008EA2A9 /* QueryNode.cpp */ = {isa = PBXFileReference; fileEncoding = 4; lastKnownFileType = sourcecode.cpp.cpp; path = QueryNode.cpp; sourceTree = "<group>"; };
		651A1F1E103B4729008EA2A9 /* QueryNode.h */ = {isa = PBXFileReference; fileEncoding = 4; lastKnownFileType = sourcecode.c.h; path = QueryNode.h; sourceTree = "<group>"; };
		651A1F1F103B4729008EA2A9 /* SelectNode.cpp */ = {isa = PBXFileReference; fileEncoding = 4; lastKnownFileType = sourcecode.cpp.cpp; path = SelectNode.cpp; sourceTree = "<group>"; };
		651A1F20103B4729008EA2A9 /* SelectNode.h */ = {isa = PBXFileReference; fileEncoding = 4; lastKnownFileType = sourcecode.c.h; path = SelectNode.h; sourceTree = "<group>"; };
		651A1F21103B4729008EA2A9 /* StarNode.cpp */ = {isa = PBXFileReference; fileEncoding = 4; lastKnownFileType = sourcecode.cpp.cpp; path = StarNode.cpp; sourceTree = "<group>"; };
		651A1F22103B4729008EA2A9 /* StarNode.h */ = {isa = PBXFileReference; fileEncoding = 4; lastKnownFileType = sourcecode.c.h; path = StarNode.h; sourceTree = "<group>"; };
		651A1F23103B4729008EA2A9 /* Symbol.cpp */ = {isa = PBXFileReference; fileEncoding = 4; lastKnownFileType = sourcecode.cpp.cpp; path = Symbol.cpp; sourceTree = "<group>"; };
		651A1F24103B4729008EA2A9 /* Symbol.h */ = {isa = PBXFileReference; fileEncoding = 4; lastKnownFileType = sourcecode.c.h; path = Symbol.h; sourceTree = "<group>"; };
		651A1F25103B4729008EA2A9 /* TableNode.cpp */ = {isa = PBXFileReference; fileEncoding = 4; lastKnownFileType = sourcecode.cpp.cpp; path = TableNode.cpp; sourceTree = "<group>"; };
		651A1F26103B4729008EA2A9 /* TableNode.h */ = {isa = PBXFileReference; fileEncoding = 4; lastKnownFileType = sourcecode.c.h; path = TableNode.h; sourceTree = "<group>"; };
		651A1F27103B4729008EA2A9 /* TreeConstants.h */ = {isa = PBXFileReference; fileEncoding = 4; lastKnownFileType = sourcecode.c.h; path = TreeConstants.h; sourceTree = "<group>"; };
		651A1F28103B4729008EA2A9 /* WhereNode.cpp */ = {isa = PBXFileReference; fileEncoding = 4; lastKnownFileType = sourcecode.cpp.cpp; path = WhereNode.cpp; sourceTree = "<group>"; };
		651A1F29103B4729008EA2A9 /* WhereNode.h */ = {isa = PBXFileReference; fileEncoding = 4; lastKnownFileType = sourcecode.c.h; path = WhereNode.h; sourceTree = "<group>"; };
		651A1F2B103B4729008EA2A9 /* DBConnection.cpp */ = {isa = PBXFileReference; fileEncoding = 4; lastKnownFileType = sourcecode.cpp.cpp; path = DBConnection.cpp; sourceTree = "<group>"; };
		651A1F2C103B4729008EA2A9 /* DBConnection.h */ = {isa = PBXFileReference; fileEncoding = 4; lastKnownFileType = sourcecode.c.h; path = DBConnection.h; sourceTree = "<group>"; };
		651A1F2E103B4729008EA2A9 /* NSQLVisitor.cpp */ = {isa = PBXFileReference; fileEncoding = 4; lastKnownFileType = sourcecode.cpp.cpp; path = NSQLVisitor.cpp; sourceTree = "<group>"; };
		651A1F2F103B4729008EA2A9 /* NSQLVisitor.h */ = {isa = PBXFileReference; fileEncoding = 4; lastKnownFileType = sourcecode.c.h; path = NSQLVisitor.h; sourceTree = "<group>"; };
		651A1F30103B4729008EA2A9 /* PrettyPrintVisitor.cpp */ = {isa = PBXFileReference; fileEncoding = 4; lastKnownFileType = sourcecode.cpp.cpp; path = PrettyPrintVisitor.cpp; sourceTree = "<group>"; };
		651A1F31103B4729008EA2A9 /* PrettyPrintVisitor.h */ = {isa = PBXFileReference; fileEncoding = 4; lastKnownFileType = sourcecode.c.h; path = PrettyPrintVisitor.h; sourceTree = "<group>"; };
		651A1F32103B4729008EA2A9 /* SemanticCheck.cpp */ = {isa = PBXFileReference; fileEncoding = 4; lastKnownFileType = sourcecode.cpp.cpp; path = SemanticCheck.cpp; sourceTree = "<group>"; };
		651A1F33103B4729008EA2A9 /* SemanticCheck.h */ = {isa = PBXFileReference; fileEncoding = 4; lastKnownFileType = sourcecode.c.h; path = SemanticCheck.h; sourceTree = "<group>"; };
		651A20C0103DBD8E008EA2A9 /* module.mk */ = {isa = PBXFileReference; explicitFileType = sourcecode.make; fileEncoding = 4; path = module.mk; sourceTree = "<group>"; };
		651A20C1103DBDBE008EA2A9 /* module.mk */ = {isa = PBXFileReference; explicitFileType = sourcecode.make; fileEncoding = 4; name = module.mk; path = "N-SQL/module.mk"; sourceTree = "<group>"; };
		651A20C2103DBDE2008EA2A9 /* module.mk */ = {isa = PBXFileReference; explicitFileType = sourcecode.make; fileEncoding = 4; name = module.mk; path = JSON/module.mk; sourceTree = "<group>"; };
		651A20CB103DBE3F008EA2A9 /* module.mk */ = {isa = PBXFileReference; explicitFileType = sourcecode.make; fileEncoding = 4; path = module.mk; sourceTree = "<group>"; };
		651A2177103DFBEC008EA2A9 /* format_compiler.cc */ = {isa = PBXFileReference; fileEncoding = 4; indentWidth = 2; lastKnownFileType = sourcecode.cpp.cpp; name = format_compiler.cc; path = Format/format_compiler.cc; sourceTree = "<group>"; tabWidth = 2; };
		651A2178103DFBEC008EA2A9 /* format_compiler.h */ = {isa = PBXFileReference; fileEncoding = 4; indentWidth = 2; lastKnownFileType = sourcecode.c.h; name = format_compiler.h; path = Format/format_compiler.h; sourceTree = "<group>"; tabWidth = 2; };
		651A2179103DFBEC008EA2A9 /* format_dumper.cc */ = {isa = PBXFileReference; fileEncoding = 4; indentWidth = 2; lastKnownFileType = sourcecode.cpp.cpp; name = format_dumper.cc; path = Format/format_dumper.cc; sourceTree = "<group>"; tabWidth = 2; };
		651A217A103DFBEC008EA2A9 /* module.mk */ = {isa = PBXFileReference; explicitFileType = sourcecode.make; fileEncoding = 4; name = module.mk; path = Format/module.mk; sourceTree = "<group>"; };
		651A217B103DFBEC008EA2A9 /* output_format.cc */ = {isa = PBXFileReference; fileEncoding = 4; indentWidth = 2; lastKnownFileType = sourcecode.cpp.cpp; name = output_format.cc; path = Format/output_format.cc; sourceTree = "<group>"; tabWidth = 2; };
		651A217C103DFBEC008EA2A9 /* output_format.h */ = {isa = PBXFileReference; fileEncoding = 4; indentWidth = 2; lastKnownFileType = sourcecode.c.h; name = output_format.h; path = Format/output_format.h; sourceTree = "<group>"; tabWidth = 2; };
		651A2262103E6AF7008EA2A9 /* Makefile */ = {isa = PBXFileReference; fileEncoding = 4; lastKnownFileType = sourcecode.make; path = Makefile; sourceTree = "<group>"; };
		651A2293103F05FC008EA2A9 /* nsql_test.cpp */ = {isa = PBXFileReference; fileEncoding = 4; indentWidth = 2; lastKnownFileType = sourcecode.cpp.cpp; path = nsql_test.cpp; sourceTree = "<group>"; tabWidth = 2; };
		651A68C20C824B6500EE077F /* test.list */ = {isa = PBXFileReference; fileEncoding = 4; languageSpecificationIdentifier = default; lastKnownFileType = text; name = test.list; path = Tests/test.list; sourceTree = "<group>"; };
		651A68DF0C824E3500EE077F /* runner.awk */ = {isa = PBXFileReference; fileEncoding = 30; languageSpecificationIdentifier = shell.perl; lastKnownFileType = text; name = runner.awk; path = Tests/runner.awk; sourceTree = "<group>"; };
		651A69790C826F8D00EE077F /* run-test */ = {isa = PBXFileReference; fileEncoding = 30; lastKnownFileType = text.script.sh; name = "run-test"; path = "Tests/run-test"; sourceTree = "<group>"; };
		6528657E0A9B98FE000B9E9A /* mod_ndb_config.h */ = {isa = PBXFileReference; fileEncoding = 4; lastKnownFileType = sourcecode.c.h; path = mod_ndb_config.h; sourceTree = "<group>"; };
		65364C080AB25F5200C355E4 /* handlers.cc */ = {isa = PBXFileReference; fileEncoding = 4; lastKnownFileType = sourcecode.cpp.cpp; path = handlers.cc; sourceTree = "<group>"; };
		65364EE40AB7899C00C355E4 /* result_buffer.cc */ = {isa = PBXFileReference; fileEncoding = 30; lastKnownFileType = sourcecode.cpp.cpp; path = result_buffer.cc; sourceTree = "<group>"; };
		654691B00CAE345500CEF3C7 /* query_source.h */ = {isa = PBXFileReference; fileEncoding = 4; lastKnownFileType = sourcecode.c.h; path = query_source.h; sourceTree = "<group>"; };
		654693670CAEE5F200CEF3C7 /* query_source.cc */ = {isa = PBXFileReference; fileEncoding = 30; lastKnownFileType = sourcecode.cpp.cpp; path = query_source.cc; sourceTree = "<group>"; };
		654FD39D0AC5B0A6000283CB /* index_object.h */ = {isa = PBXFileReference; fileEncoding = 30; lastKnownFileType = sourcecode.c.h; path = index_object.h; sourceTree = "<group>"; };
		655A3FF20AC35A0300FC573F /* README */ = {isa = PBXFileReference; fileEncoding = 4; lastKnownFileType = text; path = README; sourceTree = "<group>"; };
		655CEC1F0A8C4C1C00DB8284 /* MySQL_value.cc */ = {isa = PBXFileReference; fileEncoding = 30; lastKnownFileType = sourcecode.cpp.cpp; path = MySQL_value.cc; sourceTree = "<group>"; };
		655CEC210A8C4C4C00DB8284 /* Query.cc */ = {isa = PBXFileReference; fileEncoding = 30; lastKnownFileType = sourcecode.cpp.cpp; path = Query.cc; sourceTree = "<group>"; };
		655CEC220A8C4C6100DB8284 /* MySQL_value.h */ = {isa = PBXFileReference; fileEncoding = 30; lastKnownFileType = sourcecode.c.h; path = MySQL_value.h; sourceTree = "<group>"; };
		655CEC230A8C4C6B00DB8284 /* mod_ndb.h */ = {isa = PBXFileReference; fileEncoding = 30; lastKnownFileType = sourcecode.c.h; path = mod_ndb.h; sourceTree = "<group>"; };
		655CEC240A8C4C9500DB8284 /* configure */ = {isa = PBXFileReference; fileEncoding = 30; languageSpecificationIdentifier = shell.sh; lastKnownFileType = text.script.sh; path = configure; sourceTree = "<group>"; };
		655CEC250A8C4CA400DB8284 /* make_tail.mk */ = {isa = PBXFileReference; explicitFileType = sourcecode.make; fileEncoding = 30; languageSpecificationIdentifier = make; path = make_tail.mk; sourceTree = "<group>"; };
		656167AB0A8F78CB00A664A0 /* config.cc */ = {isa = PBXFileReference; fileEncoding = 4; lastKnownFileType = sourcecode.cpp.cpp; path = config.cc; sourceTree = "<group>"; };
		6566D0530BA1266C00B7AD9B /* ndb_api_compat.h */ = {isa = PBXFileReference; fileEncoding = 30; lastKnownFileType = sourcecode.c.h; path = ndb_api_compat.h; sourceTree = "<group>"; };
		656D04160C89302E00A430C6 /* ses.sql */ = {isa = PBXFileReference; fileEncoding = 30; lastKnownFileType = text; name = ses.sql; path = Tests/SQL/ses.sql; sourceTree = "<group>"; };
		657BD1C60B84EFD100A9ED69 /* httpd.conf */ = {isa = PBXFileReference; fileEncoding = 30; lastKnownFileType = text; name = httpd.conf; path = Tests/httpd.conf; sourceTree = "<group>"; };
		657BD2930B853B9200A9ED69 /* sort_merge.php */ = {isa = PBXFileReference; fileEncoding = 30; lastKnownFileType = text.script.php; name = sort_merge.php; path = "example-scripts/sort_merge.php"; sourceTree = "<group>"; };
		657BD2940B853B9200A9ED69 /* test_note.php */ = {isa = PBXFileReference; fileEncoding = 30; lastKnownFileType = text.script.php; name = test_note.php; path = "example-scripts/test_note.php"; sourceTree = "<group>"; };
		65AB5C180CD81AF700DAEACB /* config.awk */ = {isa = PBXFileReference; fileEncoding = 30; lastKnownFileType = text; name = config.awk; path = Tests/config.awk; sourceTree = "<group>"; };
		65AB5C190CD98C0D00DAEACB /* record.awk */ = {isa = PBXFileReference; fileEncoding = 30; lastKnownFileType = text; name = record.awk; path = Tests/record.awk; sourceTree = "<group>"; };
		65AB5C470CDA5C3000DAEACB /* erase.sh */ = {isa = PBXFileReference; fileEncoding = 30; lastKnownFileType = text.script.sh; name = erase.sh; path = Tests/erase.sh; sourceTree = "<group>"; };
		65B619D60B8C2E5100F61C8E /* test.conf.dist */ = {isa = PBXFileReference; fileEncoding = 30; lastKnownFileType = text; path = test.conf.dist; sourceTree = "<group>"; };
		65D2445A10A6483100F0F1F9 /* Tree.h */ = {isa = PBXFileReference; fileEncoding = 4; lastKnownFileType = sourcecode.c.h; path = Tree.h; sourceTree = "<group>"; };
		65D86D390FDEC3430097814E /* test_encoding.c */ = {isa = PBXFileReference; explicitFileType = sourcecode.c.c; fileEncoding = 4; name = test_encoding.c; path = JSON/test_encoding.c; sourceTree = "<group>"; };
		65D86E7C0FE2D6590097814E /* trace.d */ = {isa = PBXFileReference; fileEncoding = 4; lastKnownFileType = sourcecode.dtrace; path = trace.d; sourceTree = "<group>"; };
		65D870830FE5BD3B0097814E /* MySQL_result.h */ = {isa = PBXFileReference; fileEncoding = 4; lastKnownFileType = sourcecode.c.h; path = MySQL_result.h; sourceTree = "<group>"; };
		65D870840FE5BD3B0097814E /* MySQL_result.cc */ = {isa = PBXFileReference; fileEncoding = 4; lastKnownFileType = sourcecode.cpp.cpp; path = MySQL_result.cc; sourceTree = "<group>"; };
		65D8B45B0CBD82A000BD24E7 /* NSQL.atg */ = {isa = PBXFileReference; fileEncoding = 4; lastKnownFileType = text; name = NSQL.atg; path = "N-SQL/NSQL.atg"; sourceTree = "<group>"; };
		65D8B45C0CBD82A000BD24E7 /* Parser.cpp */ = {isa = PBXFileReference; fileEncoding = 4; lastKnownFileType = sourcecode.cpp.cpp; name = Parser.cpp; path = "N-SQL/Parser.cpp"; sourceTree = "<group>"; };
		65D8B45D0CBD82A000BD24E7 /* Parser.frame */ = {isa = PBXFileReference; explicitFileType = sourcecode.cpp; fileEncoding = 4; languageSpecificationIdentifier = c.cpp; name = Parser.frame; path = "N-SQL/Parser.frame"; sourceTree = "<group>"; };
		65D8B45E0CBD82A000BD24E7 /* Parser.h */ = {isa = PBXFileReference; fileEncoding = 4; lastKnownFileType = sourcecode.c.h; name = Parser.h; path = "N-SQL/Parser.h"; sourceTree = "<group>"; };
		65D8B45F0CBD82A000BD24E7 /* Scanner.cpp */ = {isa = PBXFileReference; fileEncoding = 4; lastKnownFileType = sourcecode.cpp.cpp; name = Scanner.cpp; path = "N-SQL/Scanner.cpp"; sourceTree = "<group>"; };
		65D8B4600CBD82A000BD24E7 /* Scanner.frame */ = {isa = PBXFileReference; explicitFileType = sourcecode.cpp; fileEncoding = 4; languageSpecificationIdentifier = c.cpp; name = Scanner.frame; path = "N-SQL/Scanner.frame"; sourceTree = "<group>"; };
		65D8B4610CBD82A000BD24E7 /* Scanner.h */ = {isa = PBXFileReference; fileEncoding = 4; lastKnownFileType = sourcecode.c.h; name = Scanner.h; path = "N-SQL/Scanner.h"; sourceTree = "<group>"; };
		65D8B4820CBD849500BD24E7 /* JSON.atg */ = {isa = PBXFileReference; fileEncoding = 4; lastKnownFileType = text; name = JSON.atg; path = JSON/JSON.atg; sourceTree = "<group>"; };
		65D8B4830CBD849500BD24E7 /* Parser.cpp */ = {isa = PBXFileReference; fileEncoding = 4; lastKnownFileType = sourcecode.cpp.cpp; name = Parser.cpp; path = JSON/Parser.cpp; sourceTree = "<group>"; };
		65D8B4840CBD849500BD24E7 /* Parser.frame */ = {isa = PBXFileReference; explicitFileType = sourcecode.cpp; fileEncoding = 4; languageSpecificationIdentifier = c.cpp; name = Parser.frame; path = JSON/Parser.frame; sourceTree = "<group>"; };
		65D8B4850CBD849500BD24E7 /* Parser.h */ = {isa = PBXFileReference; fileEncoding = 4; lastKnownFileType = sourcecode.c.h; name = Parser.h; path = JSON/Parser.h; sourceTree = "<group>"; };
		65D8B4860CBD849500BD24E7 /* Scanner.cpp */ = {isa = PBXFileReference; fileEncoding = 4; lastKnownFileType = sourcecode.cpp.cpp; name = Scanner.cpp; path = JSON/Scanner.cpp; sourceTree = "<group>"; };
		65D8B4870CBD849500BD24E7 /* Scanner.frame */ = {isa = PBXFileReference; explicitFileType = sourcecode.cpp; fileEncoding = 4; languageSpecificationIdentifier = c.cpp; name = Scanner.frame; path = JSON/Scanner.frame; sourceTree = "<group>"; };
		65D8B4880CBD849500BD24E7 /* Scanner.h */ = {isa = PBXFileReference; fileEncoding = 4; lastKnownFileType = sourcecode.c.h; name = Scanner.h; path = JSON/Scanner.h; sourceTree = "<group>"; };
		65D8B4E30CBD8AFC00BD24E7 /* request_body.cc */ = {isa = PBXFileReference; fileEncoding = 4; lastKnownFileType = sourcecode.cpp.cpp; path = request_body.cc; sourceTree = "<group>"; };
		65D8B63C0CBF328400BD24E7 /* JSON_encoding.cc */ = {isa = PBXFileReference; fileEncoding = 4; lastKnownFileType = sourcecode.cpp.cpp; name = JSON_encoding.cc; path = JSON/JSON_encoding.cc; sourceTree = "<group>"; };
		65E2E83F0BA218B600B1B8D0 /* conf_ap13 */ = {isa = PBXFileReference; fileEncoding = 30; lastKnownFileType = text; name = conf_ap13; path = templates/conf_ap13; sourceTree = "<group>"; };
		65E2E8400BA218B600B1B8D0 /* conf_ap20 */ = {isa = PBXFileReference; fileEncoding = 30; lastKnownFileType = text; name = conf_ap20; path = templates/conf_ap20; sourceTree = "<group>"; };
		65E2E8410BA218B600B1B8D0 /* conf_ap22 */ = {isa = PBXFileReference; fileEncoding = 30; lastKnownFileType = text; name = conf_ap22; path = templates/conf_ap22; sourceTree = "<group>"; };
		65E2E8420BA218B600B1B8D0 /* modules_ap20 */ = {isa = PBXFileReference; fileEncoding = 30; lastKnownFileType = text; name = modules_ap20; path = templates/modules_ap20; sourceTree = "<group>"; };
		65E2E8430BA218B600B1B8D0 /* modules_ap22 */ = {isa = PBXFileReference; fileEncoding = 30; lastKnownFileType = text; name = modules_ap22; path = templates/modules_ap22; sourceTree = "<group>"; };
		65E2E85F0BA2252E00B1B8D0 /* modules_ap13 */ = {isa = PBXFileReference; fileEncoding = 30; lastKnownFileType = text; name = modules_ap13; path = templates/modules_ap13; sourceTree = "<group>"; };
		65EECC4F0B07D7B0000AB3AD /* defaults.h */ = {isa = PBXFileReference; fileEncoding = 30; lastKnownFileType = sourcecode.c.h; path = defaults.h; sourceTree = "<group>"; };
		65EFD0180CD421CE0079CEEB /* cmp_swap.c */ = {isa = PBXFileReference; fileEncoding = 4; lastKnownFileType = sourcecode.c.c; path = cmp_swap.c; sourceTree = "<group>"; };
		65EFD0F20CE3E46E0079CEEB /* bench.sql */ = {isa = PBXFileReference; fileEncoding = 4; lastKnownFileType = text; name = bench.sql; path = Tests/SQL/bench.sql; sourceTree = "<group>"; };
/* End PBXFileReference section */

/* Begin PBXGroup section */
		08FB7794FE84155DC02AAC07 /* mod_ndb */ = {
			isa = PBXGroup;
			children = (
				655A3FF20AC35A0300FC573F /* README */,
				655CEC240A8C4C9500DB8284 /* configure */,
				65D86E7C0FE2D6590097814E /* trace.d */,
				655CEC250A8C4CA400DB8284 /* make_tail.mk */,
				65B619D60B8C2E5100F61C8E /* test.conf.dist */,
				651A2262103E6AF7008EA2A9 /* Makefile */,
				651A1F48103DAE93008EA2A9 /* Core */,
				651A2176103DFBD7008EA2A9 /* Format */,
				65D8B47D0CBD847300BD24E7 /* JSON */,
				651A1EEC103B4729008EA2A9 /* NSQL */,
				65383BF30C72B69B001F8451 /* old-N-SQL */,
				65E2E83C0BA2186700B1B8D0 /* templates */,
				657BD1C30B84EE8600A9ED69 /* Tests */,
				657BD2920B853B7000A9ED69 /* PHP */,
			);
			name = mod_ndb;
			sourceTree = "<group>";
		};
		651A1EEC103B4729008EA2A9 /* NSQL */ = {
			isa = PBXGroup;
			children = (
				651A20C0103DBD8E008EA2A9 /* module.mk */,
				651A1EF9103B4729008EA2A9 /* NSQL.cpp */,
				651A2293103F05FC008EA2A9 /* nsql_test.cpp */,
				651A1EED103B4729008EA2A9 /* NSQL */,
				651A1EFA103B4729008EA2A9 /* Tree */,
				651A1F2A103B4729008EA2A9 /* Utilities */,
				651A1F2D103B4729008EA2A9 /* Visitors */,
			);
			path = NSQL;
			sourceTree = "<group>";
		};
		651A1EED103B4729008EA2A9 /* NSQL */ = {
			isa = PBXGroup;
			children = (
				651A1EF1103B4729008EA2A9 /* Makefile */,
				651A1EF2103B4729008EA2A9 /* NSQL.atg */,
				651A1EF4103B4729008EA2A9 /* Parser.frame */,
				651A1EF7103B4729008EA2A9 /* Scanner.frame */,
				651A1EF5103B4729008EA2A9 /* Parser.h */,
				651A1EF3103B4729008EA2A9 /* Parser.cpp */,
				651A1EF8103B4729008EA2A9 /* Scanner.h */,
				651A1EF6103B4729008EA2A9 /* Scanner.cpp */,
			);
			path = NSQL;
			sourceTree = "<group>";
		};
		651A1EFA103B4729008EA2A9 /* Tree */ = {
			isa = PBXGroup;
			children = (
				65D2445A10A6483100F0F1F9 /* Tree.h */,
				651A1F27103B4729008EA2A9 /* TreeConstants.h */,
				651A1EFC103B4729008EA2A9 /* ANDNode.h */,
				651A1EFB103B4729008EA2A9 /* ANDNode.cpp */,
				651A1EFE103B4729008EA2A9 /* BindNode.h */,
				651A1EFD103B4729008EA2A9 /* BindNode.cpp */,
				651A1F00103B4729008EA2A9 /* DeleteNode.h */,
				651A1EFF103B4729008EA2A9 /* DeleteNode.cpp */,
				651A1F02103B4729008EA2A9 /* Environment.h */,
				651A1F01103B4729008EA2A9 /* Environment.cpp */,
				651A1F04103B4729008EA2A9 /* EQNode.h */,
				651A1F03103B4729008EA2A9 /* EQNode.cpp */,
				651A1F06103B4729008EA2A9 /* FieldNode.h */,
				651A1F05103B4729008EA2A9 /* FieldNode.cpp */,
				651A1F08103B4729008EA2A9 /* FromNode.h */,
				651A1F07103B4729008EA2A9 /* FromNode.cpp */,
				651A1F0A103B4729008EA2A9 /* GTENode.h */,
				651A1F09103B4729008EA2A9 /* GTENode.cpp */,
				651A1F0C103B4729008EA2A9 /* GTNode.h */,
				651A1F0B103B4729008EA2A9 /* GTNode.cpp */,
				651A1F0E103B4729008EA2A9 /* LiteralNode.h */,
				651A1F0D103B4729008EA2A9 /* LiteralNode.cpp */,
				651A1F10103B4729008EA2A9 /* LTENode.h */,
				651A1F0F103B4729008EA2A9 /* LTENode.cpp */,
				651A1F12103B4729008EA2A9 /* LTNode.h */,
				651A1F11103B4729008EA2A9 /* LTNode.cpp */,
				651A1F14103B4729008EA2A9 /* NEQNode.h */,
				651A1F13103B4729008EA2A9 /* NEQNode.cpp */,
				651A1F16103B4729008EA2A9 /* Node.h */,
				651A1F15103B4729008EA2A9 /* Node.cpp */,
				651A1F18103B4729008EA2A9 /* NSQLState.h */,
				651A1F17103B4729008EA2A9 /* NSQLState.cpp */,
				651A1F1A103B4729008EA2A9 /* OrderNode.h */,
				651A1F19103B4729008EA2A9 /* OrderNode.cpp */,
				651A1F1C103B4729008EA2A9 /* ORNode.h */,
				651A1F1B103B4729008EA2A9 /* ORNode.cpp */,
				651A1F1E103B4729008EA2A9 /* QueryNode.h */,
				651A1F1D103B4729008EA2A9 /* QueryNode.cpp */,
				651A1F20103B4729008EA2A9 /* SelectNode.h */,
				651A1F1F103B4729008EA2A9 /* SelectNode.cpp */,
				651A1F22103B4729008EA2A9 /* StarNode.h */,
				651A1F21103B4729008EA2A9 /* StarNode.cpp */,
				651A1F24103B4729008EA2A9 /* Symbol.h */,
				651A1F23103B4729008EA2A9 /* Symbol.cpp */,
				651A1F26103B4729008EA2A9 /* TableNode.h */,
				651A1F25103B4729008EA2A9 /* TableNode.cpp */,
				651A1F28103B4729008EA2A9 /* WhereNode.cpp */,
				651A1F29103B4729008EA2A9 /* WhereNode.h */,
			);
			path = Tree;
			sourceTree = "<group>";
		};
		651A1F2A103B4729008EA2A9 /* Utilities */ = {
			isa = PBXGroup;
			children = (
				651A1F2C103B4729008EA2A9 /* DBConnection.h */,
				651A1F2B103B4729008EA2A9 /* DBConnection.cpp */,
			);
			path = Utilities;
			sourceTree = "<group>";
		};
		651A1F2D103B4729008EA2A9 /* Visitors */ = {
			isa = PBXGroup;
			children = (
				651A1F2F103B4729008EA2A9 /* NSQLVisitor.h */,
				651A1F2E103B4729008EA2A9 /* NSQLVisitor.cpp */,
				651A1F31103B4729008EA2A9 /* PrettyPrintVisitor.h */,
				651A1F30103B4729008EA2A9 /* PrettyPrintVisitor.cpp */,
				651A1F33103B4729008EA2A9 /* SemanticCheck.h */,
				651A1F32103B4729008EA2A9 /* SemanticCheck.cpp */,
			);
			path = Visitors;
			sourceTree = "<group>";
		};
		651A1F48103DAE93008EA2A9 /* Core */ = {
			isa = PBXGroup;
			children = (
				651A20CB103DBE3F008EA2A9 /* module.mk */,
				65EECC4F0B07D7B0000AB3AD /* defaults.h */,
				655CEC230A8C4C6B00DB8284 /* mod_ndb.h */,
				650143DC0AED95E80074CA65 /* mod_ndb_compat.h */,
				6566D0530BA1266C00B7AD9B /* ndb_api_compat.h */,
				65EFD0180CD421CE0079CEEB /* cmp_swap.c */,
				650383CF0B911A4C00097A98 /* result_buffer.h */,
				65364EE40AB7899C00C355E4 /* result_buffer.cc */,
				654FD39D0AC5B0A6000283CB /* index_object.h */,
				654691B00CAE345500CEF3C7 /* query_source.h */,
				654693670CAEE5F200CEF3C7 /* query_source.cc */,
				6528657E0A9B98FE000B9E9A /* mod_ndb_config.h */,
				656167AB0A8F78CB00A664A0 /* config.cc */,
				65364C080AB25F5200C355E4 /* handlers.cc */,
				6514301B0AED7E3F005A3A3C /* mod_ndb_ap13.cc */,
				650143780AED89750074CA65 /* mod_ndb_ap20.cc */,
				655CEC220A8C4C6100DB8284 /* MySQL_value.h */,
				655CEC1F0A8C4C1C00DB8284 /* MySQL_value.cc */,
				65D870830FE5BD3B0097814E /* MySQL_result.h */,
				65D870840FE5BD3B0097814E /* MySQL_result.cc */,
				65D8B4E30CBD8AFC00BD24E7 /* request_body.cc */,
				655CEC210A8C4C4C00DB8284 /* Query.cc */,
				6513067E0B8299CC00A70BDA /* Execute.cc */,
			);
			path = Core;
			sourceTree = "<group>";
		};
		651A2176103DFBD7008EA2A9 /* Format */ = {
			isa = PBXGroup;
			children = (
				651A217A103DFBEC008EA2A9 /* module.mk */,
				651A217C103DFBEC008EA2A9 /* output_format.h */,
				651A217B103DFBEC008EA2A9 /* output_format.cc */,
				651A2178103DFBEC008EA2A9 /* format_compiler.h */,
				651A2177103DFBEC008EA2A9 /* format_compiler.cc */,
				651A2179103DFBEC008EA2A9 /* format_dumper.cc */,
			);
			name = Format;
			sourceTree = "<group>";
		};
		65383BF30C72B69B001F8451 /* old-N-SQL */ = {
			isa = PBXGroup;
			children = (
				651A20C1103DBDBE008EA2A9 /* module.mk */,
				65D8B45B0CBD82A000BD24E7 /* NSQL.atg */,
				65D8B45D0CBD82A000BD24E7 /* Parser.frame */,
				65D8B4600CBD82A000BD24E7 /* Scanner.frame */,
				65D8B45E0CBD82A000BD24E7 /* Parser.h */,
				65D8B45C0CBD82A000BD24E7 /* Parser.cpp */,
				65D8B4610CBD82A000BD24E7 /* Scanner.h */,
				65D8B45F0CBD82A000BD24E7 /* Scanner.cpp */,
			);
			name = "old-N-SQL";
			sourceTree = "<group>";
		};
		656D03EA0C89301300A430C6 /* SQL */ = {
			isa = PBXGroup;
			children = (
				6503B3FC0C9DB4DC00490CCC /* connection.sql */,
				6503B3FD0C9DB4E400490CCC /* typ.sql */,
				6503B4020C9DB91600490CCC /* typ8.sql */,
				656D04160C89302E00A430C6 /* ses.sql */,
				6503B8BE0CA08C9A00490CCC /* col.sql */,
				65EFD0F20CE3E46E0079CEEB /* bench.sql */,
			);
			name = SQL;
			sourceTree = "<group>";
		};
		657BD1C30B84EE8600A9ED69 /* Tests */ = {
			isa = PBXGroup;
			children = (
				651A69790C826F8D00EE077F /* run-test */,
				6503B7940C9F58CC00490CCC /* lib.test.sh */,
				651A68C20C824B6500EE077F /* test.list */,
				657BD1C60B84EFD100A9ED69 /* httpd.conf */,
				651A68DF0C824E3500EE077F /* runner.awk */,
				65AB5C180CD81AF700DAEACB /* config.awk */,
				65AB5C190CD98C0D00DAEACB /* record.awk */,
				65AB5C470CDA5C3000DAEACB /* erase.sh */,
				656D03EA0C89301300A430C6 /* SQL */,
			);
			name = Tests;
			sourceTree = "<group>";
		};
		657BD2920B853B7000A9ED69 /* PHP */ = {
			isa = PBXGroup;
			children = (
				657BD2930B853B9200A9ED69 /* sort_merge.php */,
				657BD2940B853B9200A9ED69 /* test_note.php */,
			);
			name = PHP;
			sourceTree = "<group>";
		};
		65D8B47D0CBD847300BD24E7 /* JSON */ = {
			isa = PBXGroup;
			children = (
				651A20C2103DBDE2008EA2A9 /* module.mk */,
				65D8B4820CBD849500BD24E7 /* JSON.atg */,
				65D8B63C0CBF328400BD24E7 /* JSON_encoding.cc */,
				65D8B4870CBD849500BD24E7 /* Scanner.frame */,
				65D8B4840CBD849500BD24E7 /* Parser.frame */,
				65D86D390FDEC3430097814E /* test_encoding.c */,
				65D8B4850CBD849500BD24E7 /* Parser.h */,
				65D8B4830CBD849500BD24E7 /* Parser.cpp */,
				65D8B4880CBD849500BD24E7 /* Scanner.h */,
				65D8B4860CBD849500BD24E7 /* Scanner.cpp */,
			);
			name = JSON;
			sourceTree = "<group>";
		};
		65E2E83C0BA2186700B1B8D0 /* templates */ = {
			isa = PBXGroup;
			children = (
				65E2E83F0BA218B600B1B8D0 /* conf_ap13 */,
				65E2E8400BA218B600B1B8D0 /* conf_ap20 */,
				65E2E8410BA218B600B1B8D0 /* conf_ap22 */,
				65E2E85F0BA2252E00B1B8D0 /* modules_ap13 */,
				65E2E8420BA218B600B1B8D0 /* modules_ap20 */,
				65E2E8430BA218B600B1B8D0 /* modules_ap22 */,
			);
			name = templates;
			sourceTree = "<group>";
		};
/* End PBXGroup section */

/* Begin PBXLegacyTarget section */
		D28A88AD04BDD90700651E21 /* mod_ndb */ = {
			isa = PBXLegacyTarget;
			buildArgumentsString = "$(ACTION)";
			buildConfigurationList = 6583581D0A8CE1C40023B465 /* Build configuration list for PBXLegacyTarget "mod_ndb" */;
			buildPhases = (
			);
			buildToolPath = /usr/bin/make;
			dependencies = (
			);
			name = mod_ndb;
			passBuildSettingsInEnvironment = 1;
			productName = mod_ndb;
		};
/* End PBXLegacyTarget section */

/* Begin PBXProject section */
		08FB7793FE84155DC02AAC07 /* Project object */ = {
			isa = PBXProject;
			buildConfigurationList = 658358210A8CE1C40023B465 /* Build configuration list for PBXProject "mod_ndb" */;
			compatibilityVersion = "Xcode 2.4";
			hasScannedForEncodings = 1;
			mainGroup = 08FB7794FE84155DC02AAC07 /* mod_ndb */;
			projectDirPath = "";
			projectRoot = "";
			targets = (
				D28A88AD04BDD90700651E21 /* mod_ndb */,
			);
		};
/* End PBXProject section */

/* Begin XCBuildConfiguration section */
		6583581E0A8CE1C40023B465 /* Development */ = {
			isa = XCBuildConfiguration;
			buildSettings = {
				COPY_PHASE_STRIP = NO;
				DEBUGGING_SYMBOLS = YES;
				GCC_DYNAMIC_NO_PIC = NO;
				GCC_ENABLE_FIX_AND_CONTINUE = YES;
				GCC_GENERATE_DEBUGGING_SYMBOLS = YES;
				GCC_OPTIMIZATION_LEVEL = 0;
				OTHER_CFLAGS = "";
				OTHER_LDFLAGS = "";
				PRODUCT_NAME = mod_ndb;
				ZERO_LINK = YES;
			};
			name = Development;
		};
		6583581F0A8CE1C40023B465 /* Deployment */ = {
			isa = XCBuildConfiguration;
			buildSettings = {
				COPY_PHASE_STRIP = YES;
				GCC_ENABLE_FIX_AND_CONTINUE = NO;
				OTHER_CFLAGS = "";
				OTHER_LDFLAGS = "";
				PRODUCT_NAME = mod_ndb;
				ZERO_LINK = NO;
			};
			name = Deployment;
		};
		658358200A8CE1C40023B465 /* Default */ = {
			isa = XCBuildConfiguration;
			buildSettings = {
				OTHER_CFLAGS = "";
				OTHER_LDFLAGS = "";
				PRODUCT_NAME = mod_ndb;
			};
			name = Default;
		};
		658358220A8CE1C40023B465 /* Development */ = {
			isa = XCBuildConfiguration;
			buildSettings = {
			};
			name = Development;
		};
		658358230A8CE1C40023B465 /* Deployment */ = {
			isa = XCBuildConfiguration;
			buildSettings = {
			};
			name = Deployment;
		};
		658358240A8CE1C40023B465 /* Default */ = {
			isa = XCBuildConfiguration;
			buildSettings = {
			};
			name = Default;
		};
/* End XCBuildConfiguration section */

/* Begin XCConfigurationList section */
		6583581D0A8CE1C40023B465 /* Build configuration list for PBXLegacyTarget "mod_ndb" */ = {
			isa = XCConfigurationList;
			buildConfigurations = (
				6583581E0A8CE1C40023B465 /* Development */,
				6583581F0A8CE1C40023B465 /* Deployment */,
				658358200A8CE1C40023B465 /* Default */,
			);
			defaultConfigurationIsVisible = 0;
			defaultConfigurationName = Default;
		};
		658358210A8CE1C40023B465 /* Build configuration list for PBXProject "mod_ndb" */ = {
			isa = XCConfigurationList;
			buildConfigurations = (
				658358220A8CE1C40023B465 /* Development */,
				658358230A8CE1C40023B465 /* Deployment */,
				658358240A8CE1C40023B465 /* Default */,
			);
			defaultConfigurationIsVisible = 0;
			defaultConfigurationName = Default;
		};
/* End XCConfigurationList section */
	};
	rootObject = 08FB7793FE84155DC02AAC07 /* Project object */;
}
